
Microsoft Visual Studio Solution File, Format Version 12.00
# Visual Studio Version 16
VisualStudioVersion = 16.0.29709.97
MinimumVisualStudioVersion = 10.0.40219.1
Project("{FAE04EC0-301F-11D3-BF4B-00C04F79EFBC}") = "Calculator.cs", "Calculator.cs\Calculator.cs.csproj", "{43E8F253-BD18-4B66-8B62-6A792E3A03CD}"
EndProject
Project("{FAE04EC0-301F-11D3-BF4B-00C04F79EFBC}") = "Calculator.Test.Unit", "Calculator.Test.Unit\Calculator.Test.Unit.csproj", "{F3282923-2326-47EF-B02B-6B80D9E19A60}"
EndProject
Global
	GlobalSection(SolutionConfigurationPlatforms) = preSolution
		Debug|Any CPU = Debug|Any CPU
		Release|Any CPU = Release|Any CPU
	EndGlobalSection
	GlobalSection(ProjectConfigurationPlatforms) = postSolution
		{43E8F253-BD18-4B66-8B62-6A792E3A03CD}.Debug|Any CPU.ActiveCfg = Debug|Any CPU
		{43E8F253-BD18-4B66-8B62-6A792E3A03CD}.Debug|Any CPU.Build.0 = Debug|Any CPU
		{43E8F253-BD18-4B66-8B62-6A792E3A03CD}.Release|Any CPU.ActiveCfg = Release|Any CPU
		{43E8F253-BD18-4B66-8B62-6A792E3A03CD}.Release|Any CPU.Build.0 = Release|Any CPU
		{F3282923-2326-47EF-B02B-6B80D9E19A60}.Debug|Any CPU.ActiveCfg = Debug|Any CPU
		{F3282923-2326-47EF-B02B-6B80D9E19A60}.Debug|Any CPU.Build.0 = Debug|Any CPU
		{F3282923-2326-47EF-B02B-6B80D9E19A60}.Release|Any CPU.ActiveCfg = Release|Any CPU
		{F3282923-2326-47EF-B02B-6B80D9E19A60}.Release|Any CPU.Build.0 = Release|Any CPU
	EndGlobalSection
	GlobalSection(SolutionProperties) = preSolution
		HideSolutionNode = FALSE
	EndGlobalSection
	GlobalSection(ExtensibilityGlobals) = postSolution
		SolutionGuid = {1795987A-F8F3-4985-8F7B-67D423AB46E5}
	EndGlobalSection
EndGlobal
